
Microsoft Visual Studio Solution File, Format Version 12.00
# Visual Studio Version 17
VisualStudioVersion = 17.7.34024.191
MinimumVisualStudioVersion = 10.0.40219.1
Project("{FAE04EC0-301F-11D3-BF4B-00C04F79EFBC}") = "VoiceToText_Convertor", "VoiceToText_Convertor\VoiceToText_Convertor.csproj", "{6699B195-12BD-415E-8C91-35C5468D196D}"
EndProject
Global
	GlobalSection(SolutionConfigurationPlatforms) = preSolution
		Debug|Any CPU = Debug|Any CPU
		Release|Any CPU = Release|Any CPU
	EndGlobalSection
	GlobalSection(ProjectConfigurationPlatforms) = postSolution
		{6699B195-12BD-415E-8C91-35C5468D196D}.Debug|Any CPU.ActiveCfg = Debug|Any CPU
		{6699B195-12BD-415E-8C91-35C5468D196D}.Debug|Any CPU.Build.0 = Debug|Any CPU
		{6699B195-12BD-415E-8C91-35C5468D196D}.Release|Any CPU.ActiveCfg = Release|Any CPU
		{6699B195-12BD-415E-8C91-35C5468D196D}.Release|Any CPU.Build.0 = Release|Any CPU
	EndGlobalSection
	GlobalSection(SolutionProperties) = preSolution
		HideSolutionNode = FALSE
	EndGlobalSection
	GlobalSection(ExtensibilityGlobals) = postSolution
		SolutionGuid = {B9DECCBE-F74F-4270-B700-B4A113A93EE0}
	EndGlobalSection
EndGlobal
